
Microsoft Visual Studio Solution File, Format Version 12.00
# Visual Studio Version 16
VisualStudioVersion = 16.0.30804.86
MinimumVisualStudioVersion = 10.0.40219.1
Project("{9A19103F-16F7-4668-BE54-9A1E7A4F7556}") = "BlogSite", "BlogSite\BlogSite.csproj", "{AB923A0C-A593-44FC-A52A-CC5F6CB61560}"
EndProject
Project("{9A19103F-16F7-4668-BE54-9A1E7A4F7556}") = "data", "data\data.csproj", "{190CDB8B-573F-40B6-90DD-8710B141D493}"
EndProject
Project("{FAE04EC0-301F-11D3-BF4B-00C04F79EFBC}") = "Admin", "Admin\Admin.csproj", "{6AC3F009-128D-46B2-BE55-B83E4FFDD8E1}"
EndProject
Global
	GlobalSection(SolutionConfigurationPlatforms) = preSolution
		Debug|Any CPU = Debug|Any CPU
		Release|Any CPU = Release|Any CPU
	EndGlobalSection
	GlobalSection(ProjectConfigurationPlatforms) = postSolution
		{AB923A0C-A593-44FC-A52A-CC5F6CB61560}.Debug|Any CPU.ActiveCfg = Debug|Any CPU
		{AB923A0C-A593-44FC-A52A-CC5F6CB61560}.Debug|Any CPU.Build.0 = Debug|Any CPU
		{AB923A0C-A593-44FC-A52A-CC5F6CB61560}.Release|Any CPU.ActiveCfg = Release|Any CPU
		{AB923A0C-A593-44FC-A52A-CC5F6CB61560}.Release|Any CPU.Build.0 = Release|Any CPU
		{190CDB8B-573F-40B6-90DD-8710B141D493}.Debug|Any CPU.ActiveCfg = Debug|Any CPU
		{190CDB8B-573F-40B6-90DD-8710B141D493}.Debug|Any CPU.Build.0 = Debug|Any CPU
		{190CDB8B-573F-40B6-90DD-8710B141D493}.Release|Any CPU.ActiveCfg = Release|Any CPU
		{190CDB8B-573F-40B6-90DD-8710B141D493}.Release|Any CPU.Build.0 = Release|Any CPU
		{6AC3F009-128D-46B2-BE55-B83E4FFDD8E1}.Debug|Any CPU.ActiveCfg = Debug|Any CPU
		{6AC3F009-128D-46B2-BE55-B83E4FFDD8E1}.Debug|Any CPU.Build.0 = Debug|Any CPU
		{6AC3F009-128D-46B2-BE55-B83E4FFDD8E1}.Release|Any CPU.ActiveCfg = Release|Any CPU
		{6AC3F009-128D-46B2-BE55-B83E4FFDD8E1}.Release|Any CPU.Build.0 = Release|Any CPU
	EndGlobalSection
	GlobalSection(SolutionProperties) = preSolution
		HideSolutionNode = FALSE
	EndGlobalSection
	GlobalSection(ExtensibilityGlobals) = postSolution
		SolutionGuid = {708079A8-7FF8-4BD1-BA57-3165703F8D3E}
	EndGlobalSection
EndGlobal
